// !$*UTF8*$!
{
	archiveVersion = 1;
	classes = {
	};
	objectVersion = 46;
	objects = {

/* Begin PBXBuildFile section */
		18011F9E1D8C5A33002D3B7C /* Medication.swift in Sources */ = {isa = PBXBuildFile; fileRef = 18011F9D1D8C5A33002D3B7C /* Medication.swift */; };
		18011FA01D8C5BBA002D3B7C /* SymptomQuestionnaire.swift in Sources */ = {isa = PBXBuildFile; fileRef = 18011F9F1D8C5BBA002D3B7C /* SymptomQuestionnaire.swift */; };
		18011FA21D8C5E0F002D3B7C /* Wellness.swift in Sources */ = {isa = PBXBuildFile; fileRef = 18011FA11D8C5E0F002D3B7C /* Wellness.swift */; };
		180761DA1D7E721900EB197A /* SummaryChartCell.swift in Sources */ = {isa = PBXBuildFile; fileRef = 180761D91D7E721900EB197A /* SummaryChartCell.swift */; };
		182B4E051D9A9BA800EBCFEE /* GoogleService-Info.plist in Resources */ = {isa = PBXBuildFile; fileRef = 182B4E041D9A9BA800EBCFEE /* GoogleService-Info.plist */; };
		182B4E061D9A9BA800EBCFEE /* GoogleService-Info.plist in Resources */ = {isa = PBXBuildFile; fileRef = 182B4E041D9A9BA800EBCFEE /* GoogleService-Info.plist */; };
		182B4E071D9A9BA800EBCFEE /* GoogleService-Info.plist in Resources */ = {isa = PBXBuildFile; fileRef = 182B4E041D9A9BA800EBCFEE /* GoogleService-Info.plist */; };
		182B4E0A1D9ADDE200EBCFEE /* LoginScreen.storyboard in Resources */ = {isa = PBXBuildFile; fileRef = 182B4E081D9ADDE200EBCFEE /* LoginScreen.storyboard */; };
		182B4E0C1D9ADDF500EBCFEE /* LoginViewController.swift in Sources */ = {isa = PBXBuildFile; fileRef = 182B4E0B1D9ADDF500EBCFEE /* LoginViewController.swift */; };
		182B4E0F1D9AECA900EBCFEE /* EmailSignupViewController.swift in Sources */ = {isa = PBXBuildFile; fileRef = 182B4E0E1D9AECA900EBCFEE /* EmailSignupViewController.swift */; };
		1860C2291D7EA73A005A636A /* AddMedicationFormViewController.swift in Sources */ = {isa = PBXBuildFile; fileRef = 1860C2281D7EA73A005A636A /* AddMedicationFormViewController.swift */; };
		187B96801D9E4BE500BB6B6B /* DatabaseConstants.swift in Sources */ = {isa = PBXBuildFile; fileRef = 187B967F1D9E4BE500BB6B6B /* DatabaseConstants.swift */; };
		187B96821D9ED71A00BB6B6B /* MedicationsViewController.swift in Sources */ = {isa = PBXBuildFile; fileRef = 187B96811D9ED71A00BB6B6B /* MedicationsViewController.swift */; };
		18A454D11D7DD189003B1190 /* SummaryCollectionViewController.swift in Sources */ = {isa = PBXBuildFile; fileRef = 18A454D01D7DD189003B1190 /* SummaryCollectionViewController.swift */; };
		18A454D31D7DD1E6003B1190 /* SurveyViewController.swift in Sources */ = {isa = PBXBuildFile; fileRef = 18A454D21D7DD1E6003B1190 /* SurveyViewController.swift */; };
		18A454D51D7DD970003B1190 /* SurveyOptionCell.swift in Sources */ = {isa = PBXBuildFile; fileRef = 18A454D41D7DD970003B1190 /* SurveyOptionCell.swift */; };
		18A454D71D7DDB7F003B1190 /* SurveyHeaderReusableView.swift in Sources */ = {isa = PBXBuildFile; fileRef = 18A454D61D7DDB7F003B1190 /* SurveyHeaderReusableView.swift */; };
		18A454DD1D7DE727003B1190 /* DayCellView.xib in Resources */ = {isa = PBXBuildFile; fileRef = 18A454DC1D7DE727003B1190 /* DayCellView.xib */; };
		18A454DF1D7DE761003B1190 /* DayCellView.swift in Sources */ = {isa = PBXBuildFile; fileRef = 18A454DE1D7DE761003B1190 /* DayCellView.swift */; };
		18A454E11D7E48D1003B1190 /* CalendarViewController.swift in Sources */ = {isa = PBXBuildFile; fileRef = 18A454E01D7E48D1003B1190 /* CalendarViewController.swift */; };
		18D7D4881DA40AA900ADEFD5 /* ViewMedicationsViewController.swift in Sources */ = {isa = PBXBuildFile; fileRef = 18D7D4871DA40AA900ADEFD5 /* ViewMedicationsViewController.swift */; };
		18EC78BB1D90EF0B004C0F0F /* Questions.plist in Resources */ = {isa = PBXBuildFile; fileRef = 18EC78BA1D90EF0B004C0F0F /* Questions.plist */; };
		18EC78C21D90F58F004C0F0F /* Localizable.strings in Resources */ = {isa = PBXBuildFile; fileRef = 18EC78C01D90F58F004C0F0F /* Localizable.strings */; };
		18EC78C41D91148F004C0F0F /* SymptomsViewController.swift in Sources */ = {isa = PBXBuildFile; fileRef = 18EC78C31D91148F004C0F0F /* SymptomsViewController.swift */; };
		18F35DE51D76ACF1004E721B /* AppDelegate.swift in Sources */ = {isa = PBXBuildFile; fileRef = 18F35DE41D76ACF1004E721B /* AppDelegate.swift */; };
		18F35DEC1D76ACF1004E721B /* Main.storyboard in Resources */ = {isa = PBXBuildFile; fileRef = 18F35DEA1D76ACF1004E721B /* Main.storyboard */; };
		18F35DEE1D76ACF1004E721B /* Assets.xcassets in Resources */ = {isa = PBXBuildFile; fileRef = 18F35DED1D76ACF1004E721B /* Assets.xcassets */; };
		18F35DF11D76ACF1004E721B /* LaunchScreen.storyboard in Resources */ = {isa = PBXBuildFile; fileRef = 18F35DEF1D76ACF1004E721B /* LaunchScreen.storyboard */; };
		18F35DFC1D76ACF2004E721B /* CopeTests.swift in Sources */ = {isa = PBXBuildFile; fileRef = 18F35DFB1D76ACF2004E721B /* CopeTests.swift */; };
		18F35E071D76ACF2004E721B /* CopeUITests.swift in Sources */ = {isa = PBXBuildFile; fileRef = 18F35E061D76ACF2004E721B /* CopeUITests.swift */; };
		9FEB863F751C81E819D65BBC /* Pods_Cope.framework in Frameworks */ = {isa = PBXBuildFile; fileRef = F455E059B8FB39CB5B479090 /* Pods_Cope.framework */; };
/* End PBXBuildFile section */

/* Begin PBXContainerItemProxy section */
		18F35DF81D76ACF2004E721B /* PBXContainerItemProxy */ = {
			isa = PBXContainerItemProxy;
			containerPortal = 18F35DD91D76ACF1004E721B /* Project object */;
			proxyType = 1;
			remoteGlobalIDString = 18F35DE01D76ACF1004E721B;
			remoteInfo = Cope;
		};
		18F35E031D76ACF2004E721B /* PBXContainerItemProxy */ = {
			isa = PBXContainerItemProxy;
			containerPortal = 18F35DD91D76ACF1004E721B /* Project object */;
			proxyType = 1;
			remoteGlobalIDString = 18F35DE01D76ACF1004E721B;
			remoteInfo = Cope;
		};
/* End PBXContainerItemProxy section */

/* Begin PBXFileReference section */
		18011F9D1D8C5A33002D3B7C /* Medication.swift */ = {isa = PBXFileReference; fileEncoding = 4; lastKnownFileType = sourcecode.swift; name = Medication.swift; path = Models/Medication.swift; sourceTree = "<group>"; };
		18011F9F1D8C5BBA002D3B7C /* SymptomQuestionnaire.swift */ = {isa = PBXFileReference; fileEncoding = 4; lastKnownFileType = sourcecode.swift; name = SymptomQuestionnaire.swift; path = Models/SymptomQuestionnaire.swift; sourceTree = "<group>"; };
		18011FA11D8C5E0F002D3B7C /* Wellness.swift */ = {isa = PBXFileReference; fileEncoding = 4; lastKnownFileType = sourcecode.swift; name = Wellness.swift; path = Models/Wellness.swift; sourceTree = "<group>"; };
		180761D91D7E721900EB197A /* SummaryChartCell.swift */ = {isa = PBXFileReference; fileEncoding = 4; lastKnownFileType = sourcecode.swift; name = SummaryChartCell.swift; path = Views/SummaryChartCell.swift; sourceTree = "<group>"; };
		182B4E041D9A9BA800EBCFEE /* GoogleService-Info.plist */ = {isa = PBXFileReference; fileEncoding = 4; lastKnownFileType = text.plist.xml; path = "GoogleService-Info.plist"; sourceTree = "<group>"; };
		182B4E091D9ADDE200EBCFEE /* Base */ = {isa = PBXFileReference; lastKnownFileType = file.storyboard; name = Base; path = Base.lproj/LoginScreen.storyboard; sourceTree = "<group>"; };
		182B4E0B1D9ADDF500EBCFEE /* LoginViewController.swift */ = {isa = PBXFileReference; fileEncoding = 4; lastKnownFileType = sourcecode.swift; name = LoginViewController.swift; path = "View controllers/LoginViewController.swift"; sourceTree = "<group>"; };
		182B4E0E1D9AECA900EBCFEE /* EmailSignupViewController.swift */ = {isa = PBXFileReference; fileEncoding = 4; lastKnownFileType = sourcecode.swift; name = EmailSignupViewController.swift; path = "View controllers/EmailSignupViewController.swift"; sourceTree = "<group>"; };
		1860C2281D7EA73A005A636A /* AddMedicationFormViewController.swift */ = {isa = PBXFileReference; fileEncoding = 4; lastKnownFileType = sourcecode.swift; name = AddMedicationFormViewController.swift; path = "View controllers/AddMedicationFormViewController.swift"; sourceTree = "<group>"; };
		187B967F1D9E4BE500BB6B6B /* DatabaseConstants.swift */ = {isa = PBXFileReference; fileEncoding = 4; lastKnownFileType = sourcecode.swift; name = DatabaseConstants.swift; path = Models/DatabaseConstants.swift; sourceTree = "<group>"; };
		187B96811D9ED71A00BB6B6B /* MedicationsViewController.swift */ = {isa = PBXFileReference; fileEncoding = 4; lastKnownFileType = sourcecode.swift; name = MedicationsViewController.swift; path = "View controllers/MedicationsViewController.swift"; sourceTree = "<group>"; };
		18A454D01D7DD189003B1190 /* SummaryCollectionViewController.swift */ = {isa = PBXFileReference; fileEncoding = 4; lastKnownFileType = sourcecode.swift; name = SummaryCollectionViewController.swift; path = "View controllers/SummaryCollectionViewController.swift"; sourceTree = "<group>"; };
		18A454D21D7DD1E6003B1190 /* SurveyViewController.swift */ = {isa = PBXFileReference; fileEncoding = 4; lastKnownFileType = sourcecode.swift; name = SurveyViewController.swift; path = "View controllers/SurveyViewController.swift"; sourceTree = "<group>"; };
		18A454D41D7DD970003B1190 /* SurveyOptionCell.swift */ = {isa = PBXFileReference; fileEncoding = 4; lastKnownFileType = sourcecode.swift; name = SurveyOptionCell.swift; path = Views/SurveyOptionCell.swift; sourceTree = "<group>"; };
		18A454D61D7DDB7F003B1190 /* SurveyHeaderReusableView.swift */ = {isa = PBXFileReference; fileEncoding = 4; lastKnownFileType = sourcecode.swift; name = SurveyHeaderReusableView.swift; path = Views/SurveyHeaderReusableView.swift; sourceTree = "<group>"; };
		18A454DC1D7DE727003B1190 /* DayCellView.xib */ = {isa = PBXFileReference; fileEncoding = 4; lastKnownFileType = file.xib; name = DayCellView.xib; path = Views/DayCellView.xib; sourceTree = "<group>"; };
		18A454DE1D7DE761003B1190 /* DayCellView.swift */ = {isa = PBXFileReference; fileEncoding = 4; lastKnownFileType = sourcecode.swift; name = DayCellView.swift; path = Views/DayCellView.swift; sourceTree = "<group>"; };
		18A454E01D7E48D1003B1190 /* CalendarViewController.swift */ = {isa = PBXFileReference; fileEncoding = 4; lastKnownFileType = sourcecode.swift; name = CalendarViewController.swift; path = "View controllers/CalendarViewController.swift"; sourceTree = "<group>"; };
		18D7D4871DA40AA900ADEFD5 /* ViewMedicationsViewController.swift */ = {isa = PBXFileReference; fileEncoding = 4; lastKnownFileType = sourcecode.swift; name = ViewMedicationsViewController.swift; path = "View controllers/ViewMedicationsViewController.swift"; sourceTree = "<group>"; };
		18EC78BA1D90EF0B004C0F0F /* Questions.plist */ = {isa = PBXFileReference; fileEncoding = 4; lastKnownFileType = text.plist.xml; name = Questions.plist; path = "Additional information/Questions.plist"; sourceTree = "<group>"; };
		18EC78BF1D90F559004C0F0F /* en */ = {isa = PBXFileReference; lastKnownFileType = text.plist.strings; name = en; path = en.lproj/Main.strings; sourceTree = "<group>"; };
		18EC78C11D90F58F004C0F0F /* en */ = {isa = PBXFileReference; lastKnownFileType = text.plist.strings; name = en; path = Cope/en.lproj/Localizable.strings; sourceTree = "<group>"; };
		18EC78C31D91148F004C0F0F /* SymptomsViewController.swift */ = {isa = PBXFileReference; fileEncoding = 4; lastKnownFileType = sourcecode.swift; name = SymptomsViewController.swift; path = "View controllers/SymptomsViewController.swift"; sourceTree = "<group>"; };
		18F35DE11D76ACF1004E721B /* Cope.app */ = {isa = PBXFileReference; explicitFileType = wrapper.application; includeInIndex = 0; path = Cope.app; sourceTree = BUILT_PRODUCTS_DIR; };
		18F35DE41D76ACF1004E721B /* AppDelegate.swift */ = {isa = PBXFileReference; lastKnownFileType = sourcecode.swift; path = AppDelegate.swift; sourceTree = "<group>"; };
		18F35DEB1D76ACF1004E721B /* Base */ = {isa = PBXFileReference; lastKnownFileType = file.storyboard; name = Base; path = Base.lproj/Main.storyboard; sourceTree = "<group>"; };
		18F35DED1D76ACF1004E721B /* Assets.xcassets */ = {isa = PBXFileReference; lastKnownFileType = folder.assetcatalog; path = Assets.xcassets; sourceTree = "<group>"; };
		18F35DF01D76ACF1004E721B /* Base */ = {isa = PBXFileReference; lastKnownFileType = file.storyboard; name = Base; path = Base.lproj/LaunchScreen.storyboard; sourceTree = "<group>"; };
		18F35DF21D76ACF1004E721B /* Info.plist */ = {isa = PBXFileReference; lastKnownFileType = text.plist.xml; path = Info.plist; sourceTree = "<group>"; };
		18F35DF71D76ACF2004E721B /* CopeTests.xctest */ = {isa = PBXFileReference; explicitFileType = wrapper.cfbundle; includeInIndex = 0; path = CopeTests.xctest; sourceTree = BUILT_PRODUCTS_DIR; };
		18F35DFB1D76ACF2004E721B /* CopeTests.swift */ = {isa = PBXFileReference; lastKnownFileType = sourcecode.swift; path = CopeTests.swift; sourceTree = "<group>"; };
		18F35DFD1D76ACF2004E721B /* Info.plist */ = {isa = PBXFileReference; lastKnownFileType = text.plist.xml; path = Info.plist; sourceTree = "<group>"; };
		18F35E021D76ACF2004E721B /* CopeUITests.xctest */ = {isa = PBXFileReference; explicitFileType = wrapper.cfbundle; includeInIndex = 0; path = CopeUITests.xctest; sourceTree = BUILT_PRODUCTS_DIR; };
		18F35E061D76ACF2004E721B /* CopeUITests.swift */ = {isa = PBXFileReference; lastKnownFileType = sourcecode.swift; path = CopeUITests.swift; sourceTree = "<group>"; };
		18F35E081D76ACF2004E721B /* Info.plist */ = {isa = PBXFileReference; lastKnownFileType = text.plist.xml; path = Info.plist; sourceTree = "<group>"; };
		2070AAA8FFFA04D1E6C936C3 /* Pods-Cope.debug.xcconfig */ = {isa = PBXFileReference; includeInIndex = 1; lastKnownFileType = text.xcconfig; name = "Pods-Cope.debug.xcconfig"; path = "Pods/Target Support Files/Pods-Cope/Pods-Cope.debug.xcconfig"; sourceTree = "<group>"; };
		34660174B92557A0552A7097 /* Pods-Cope.release.xcconfig */ = {isa = PBXFileReference; includeInIndex = 1; lastKnownFileType = text.xcconfig; name = "Pods-Cope.release.xcconfig"; path = "Pods/Target Support Files/Pods-Cope/Pods-Cope.release.xcconfig"; sourceTree = "<group>"; };
		F455E059B8FB39CB5B479090 /* Pods_Cope.framework */ = {isa = PBXFileReference; explicitFileType = wrapper.framework; includeInIndex = 0; path = Pods_Cope.framework; sourceTree = BUILT_PRODUCTS_DIR; };
		F8012DB6D187DE97AB973FEE /* Pods_CopeUITests.framework */ = {isa = PBXFileReference; explicitFileType = wrapper.framework; includeInIndex = 0; path = Pods_CopeUITests.framework; sourceTree = BUILT_PRODUCTS_DIR; };
		F87C355E7D5DBC930251D164 /* Pods_CopeTests.framework */ = {isa = PBXFileReference; explicitFileType = wrapper.framework; includeInIndex = 0; path = Pods_CopeTests.framework; sourceTree = BUILT_PRODUCTS_DIR; };
/* End PBXFileReference section */

/* Begin PBXFrameworksBuildPhase section */
		18F35DDE1D76ACF1004E721B /* Frameworks */ = {
			isa = PBXFrameworksBuildPhase;
			buildActionMask = 2147483647;
			files = (
				9FEB863F751C81E819D65BBC /* Pods_Cope.framework in Frameworks */,
			);
			runOnlyForDeploymentPostprocessing = 0;
		};
		18F35DF41D76ACF2004E721B /* Frameworks */ = {
			isa = PBXFrameworksBuildPhase;
			buildActionMask = 2147483647;
			files = (
			);
			runOnlyForDeploymentPostprocessing = 0;
		};
		18F35DFF1D76ACF2004E721B /* Frameworks */ = {
			isa = PBXFrameworksBuildPhase;
			buildActionMask = 2147483647;
			files = (
			);
			runOnlyForDeploymentPostprocessing = 0;
		};
/* End PBXFrameworksBuildPhase section */

/* Begin PBXGroup section */
		1838B04B1D8D841B00FB2E36 /* Models */ = {
			isa = PBXGroup;
			children = (
				187B967F1D9E4BE500BB6B6B /* DatabaseConstants.swift */,
				18011F9D1D8C5A33002D3B7C /* Medication.swift */,
				18011F9F1D8C5BBA002D3B7C /* SymptomQuestionnaire.swift */,
				18011FA11D8C5E0F002D3B7C /* Wellness.swift */,
			);
			name = Models;
			sourceTree = "<group>";
		};
		1838B04C1D8D842800FB2E36 /* Views */ = {
			isa = PBXGroup;
			children = (
				18A454DC1D7DE727003B1190 /* DayCellView.xib */,
				18A454DE1D7DE761003B1190 /* DayCellView.swift */,
				18A454D61D7DDB7F003B1190 /* SurveyHeaderReusableView.swift */,
				180761D91D7E721900EB197A /* SummaryChartCell.swift */,
				18A454D41D7DD970003B1190 /* SurveyOptionCell.swift */,
			);
			name = Views;
			sourceTree = "<group>";
		};
		1838B04D1D8D843300FB2E36 /* View controllers */ = {
			isa = PBXGroup;
			children = (
				18D7D4871DA40AA900ADEFD5 /* ViewMedicationsViewController.swift */,
				182B4E0B1D9ADDF500EBCFEE /* LoginViewController.swift */,
				18EC78C31D91148F004C0F0F /* SymptomsViewController.swift */,
				1860C2281D7EA73A005A636A /* AddMedicationFormViewController.swift */,
				187B96811D9ED71A00BB6B6B /* MedicationsViewController.swift */,
				182B4E0E1D9AECA900EBCFEE /* EmailSignupViewController.swift */,
				18A454E01D7E48D1003B1190 /* CalendarViewController.swift */,
				18A454D21D7DD1E6003B1190 /* SurveyViewController.swift */,
				18A454D01D7DD189003B1190 /* SummaryCollectionViewController.swift */,
			);
			name = "View controllers";
			sourceTree = "<group>";
		};
		18F35DD81D76ACF1004E721B = {
			isa = PBXGroup;
			children = (
				18EC78C01D90F58F004C0F0F /* Localizable.strings */,
				18F35DE31D76ACF1004E721B /* Cope */,
				18F35DFA1D76ACF2004E721B /* CopeTests */,
				18F35E051D76ACF2004E721B /* CopeUITests */,
				18F35DE21D76ACF1004E721B /* Products */,
				1EB6EE73833732AD41479600 /* Pods */,
				F565769C08642C2397B229F5 /* Frameworks */,
			);
			sourceTree = "<group>";
		};
		18F35DE21D76ACF1004E721B /* Products */ = {
			isa = PBXGroup;
			children = (
				18F35DE11D76ACF1004E721B /* Cope.app */,
				18F35DF71D76ACF2004E721B /* CopeTests.xctest */,
				18F35E021D76ACF2004E721B /* CopeUITests.xctest */,
			);
			name = Products;
			sourceTree = "<group>";
		};
		18F35DE31D76ACF1004E721B /* Cope */ = {
			isa = PBXGroup;
			children = (
				182B4E041D9A9BA800EBCFEE /* GoogleService-Info.plist */,
				18F35DE41D76ACF1004E721B /* AppDelegate.swift */,
				1838B04D1D8D843300FB2E36 /* View controllers */,
				1838B04C1D8D842800FB2E36 /* Views */,
				18F35DEA1D76ACF1004E721B /* Main.storyboard */,
				182B4E081D9ADDE200EBCFEE /* LoginScreen.storyboard */,
				1838B04B1D8D841B00FB2E36 /* Models */,
				18F35DED1D76ACF1004E721B /* Assets.xcassets */,
				18F35DEF1D76ACF1004E721B /* LaunchScreen.storyboard */,
				18F35DF21D76ACF1004E721B /* Info.plist */,
				18EC78BA1D90EF0B004C0F0F /* Questions.plist */,
			);
			path = Cope;
			sourceTree = "<group>";
		};
		18F35DFA1D76ACF2004E721B /* CopeTests */ = {
			isa = PBXGroup;
			children = (
				18F35DFB1D76ACF2004E721B /* CopeTests.swift */,
				18F35DFD1D76ACF2004E721B /* Info.plist */,
			);
			path = CopeTests;
			sourceTree = "<group>";
		};
		18F35E051D76ACF2004E721B /* CopeUITests */ = {
			isa = PBXGroup;
			children = (
				18F35E061D76ACF2004E721B /* CopeUITests.swift */,
				18F35E081D76ACF2004E721B /* Info.plist */,
			);
			path = CopeUITests;
			sourceTree = "<group>";
		};
		1EB6EE73833732AD41479600 /* Pods */ = {
			isa = PBXGroup;
			children = (
				2070AAA8FFFA04D1E6C936C3 /* Pods-Cope.debug.xcconfig */,
				34660174B92557A0552A7097 /* Pods-Cope.release.xcconfig */,
			);
			name = Pods;
			sourceTree = "<group>";
		};
		F565769C08642C2397B229F5 /* Frameworks */ = {
			isa = PBXGroup;
			children = (
				F455E059B8FB39CB5B479090 /* Pods_Cope.framework */,
				F87C355E7D5DBC930251D164 /* Pods_CopeTests.framework */,
				F8012DB6D187DE97AB973FEE /* Pods_CopeUITests.framework */,
			);
			name = Frameworks;
			sourceTree = "<group>";
		};
/* End PBXGroup section */

/* Begin PBXNativeTarget section */
		18F35DE01D76ACF1004E721B /* Cope */ = {
			isa = PBXNativeTarget;
			buildConfigurationList = 18F35E0B1D76ACF2004E721B /* Build configuration list for PBXNativeTarget "Cope" */;
			buildPhases = (
				6295EC22D6DBD1CAA808EF12 /* [CP] Check Pods Manifest.lock */,
				18F35DDD1D76ACF1004E721B /* Sources */,
				18F35DDE1D76ACF1004E721B /* Frameworks */,
				18F35DDF1D76ACF1004E721B /* Resources */,
				082C1942ECC63DFC1A8B38BB /* [CP] Embed Pods Frameworks */,
				74EE9DCE41EA2076750CA8AA /* [CP] Copy Pods Resources */,
				182B4E0D1D9AE51B00EBCFEE /* ShellScript */,
			);
			buildRules = (
			);
			dependencies = (
			);
			name = Cope;
			productName = Cope;
			productReference = 18F35DE11D76ACF1004E721B /* Cope.app */;
			productType = "com.apple.product-type.application";
		};
		18F35DF61D76ACF2004E721B /* CopeTests */ = {
			isa = PBXNativeTarget;
			buildConfigurationList = 18F35E0E1D76ACF2004E721B /* Build configuration list for PBXNativeTarget "CopeTests" */;
			buildPhases = (
				18F35DF31D76ACF2004E721B /* Sources */,
				18F35DF41D76ACF2004E721B /* Frameworks */,
				18F35DF51D76ACF2004E721B /* Resources */,
			);
			buildRules = (
			);
			dependencies = (
				18F35DF91D76ACF2004E721B /* PBXTargetDependency */,
			);
			name = CopeTests;
			productName = CopeTests;
			productReference = 18F35DF71D76ACF2004E721B /* CopeTests.xctest */;
			productType = "com.apple.product-type.bundle.unit-test";
		};
		18F35E011D76ACF2004E721B /* CopeUITests */ = {
			isa = PBXNativeTarget;
			buildConfigurationList = 18F35E111D76ACF2004E721B /* Build configuration list for PBXNativeTarget "CopeUITests" */;
			buildPhases = (
				18F35DFE1D76ACF2004E721B /* Sources */,
				18F35DFF1D76ACF2004E721B /* Frameworks */,
				18F35E001D76ACF2004E721B /* Resources */,
			);
			buildRules = (
			);
			dependencies = (
				18F35E041D76ACF2004E721B /* PBXTargetDependency */,
			);
			name = CopeUITests;
			productName = CopeUITests;
			productReference = 18F35E021D76ACF2004E721B /* CopeUITests.xctest */;
			productType = "com.apple.product-type.bundle.ui-testing";
		};
/* End PBXNativeTarget section */

/* Begin PBXProject section */
		18F35DD91D76ACF1004E721B /* Project object */ = {
			isa = PBXProject;
			attributes = {
				LastSwiftUpdateCheck = 0730;
				LastUpgradeCheck = 0800;
				ORGANIZATIONNAME = "Carlos Arcenas";
				TargetAttributes = {
					18F35DE01D76ACF1004E721B = {
						CreatedOnToolsVersion = 7.3.1;
						DevelopmentTeam = AKTPE3FTGW;
						LastSwiftMigration = 0800;
					};
					18F35DF61D76ACF2004E721B = {
						CreatedOnToolsVersion = 7.3.1;
						LastSwiftMigration = 0800;
						TestTargetID = 18F35DE01D76ACF1004E721B;
					};
					18F35E011D76ACF2004E721B = {
						CreatedOnToolsVersion = 7.3.1;
						LastSwiftMigration = 0800;
						TestTargetID = 18F35DE01D76ACF1004E721B;
					};
				};
			};
			buildConfigurationList = 18F35DDC1D76ACF1004E721B /* Build configuration list for PBXProject "Cope" */;
			compatibilityVersion = "Xcode 3.2";
			developmentRegion = English;
			hasScannedForEncodings = 0;
			knownRegions = (
				en,
				Base,
			);
			mainGroup = 18F35DD81D76ACF1004E721B;
			productRefGroup = 18F35DE21D76ACF1004E721B /* Products */;
			projectDirPath = "";
			projectRoot = "";
			targets = (
				18F35DE01D76ACF1004E721B /* Cope */,
				18F35DF61D76ACF2004E721B /* CopeTests */,
				18F35E011D76ACF2004E721B /* CopeUITests */,
			);
		};
/* End PBXProject section */

/* Begin PBXResourcesBuildPhase section */
		18F35DDF1D76ACF1004E721B /* Resources */ = {
			isa = PBXResourcesBuildPhase;
			buildActionMask = 2147483647;
			files = (
				18F35DF11D76ACF1004E721B /* LaunchScreen.storyboard in Resources */,
				18EC78C21D90F58F004C0F0F /* Localizable.strings in Resources */,
				18A454DD1D7DE727003B1190 /* DayCellView.xib in Resources */,
				18F35DEE1D76ACF1004E721B /* Assets.xcassets in Resources */,
				182B4E051D9A9BA800EBCFEE /* GoogleService-Info.plist in Resources */,
				18EC78BB1D90EF0B004C0F0F /* Questions.plist in Resources */,
				182B4E0A1D9ADDE200EBCFEE /* LoginScreen.storyboard in Resources */,
				18F35DEC1D76ACF1004E721B /* Main.storyboard in Resources */,
			);
			runOnlyForDeploymentPostprocessing = 0;
		};
		18F35DF51D76ACF2004E721B /* Resources */ = {
			isa = PBXResourcesBuildPhase;
			buildActionMask = 2147483647;
			files = (
				182B4E061D9A9BA800EBCFEE /* GoogleService-Info.plist in Resources */,
			);
			runOnlyForDeploymentPostprocessing = 0;
		};
		18F35E001D76ACF2004E721B /* Resources */ = {
			isa = PBXResourcesBuildPhase;
			buildActionMask = 2147483647;
			files = (
				182B4E071D9A9BA800EBCFEE /* GoogleService-Info.plist in Resources */,
			);
			runOnlyForDeploymentPostprocessing = 0;
		};
/* End PBXResourcesBuildPhase section */

/* Begin PBXShellScriptBuildPhase section */
		082C1942ECC63DFC1A8B38BB /* [CP] Embed Pods Frameworks */ = {
			isa = PBXShellScriptBuildPhase;
			buildActionMask = 2147483647;
			files = (
			);
			inputPaths = (
			);
			name = "[CP] Embed Pods Frameworks";
			outputPaths = (
			);
			runOnlyForDeploymentPostprocessing = 0;
			shellPath = /bin/sh;
			shellScript = "\"${SRCROOT}/Pods/Target Support Files/Pods-Cope/Pods-Cope-frameworks.sh\"\n";
			showEnvVarsInLog = 0;
		};
		182B4E0D1D9AE51B00EBCFEE /* ShellScript */ = {
			isa = PBXShellScriptBuildPhase;
			buildActionMask = 2147483647;
			files = (
			);
			inputPaths = (
			);
			outputPaths = (
			);
			runOnlyForDeploymentPostprocessing = 0;
			shellPath = /bin/sh;
			shellScript = "\"${PODS_ROOT}/Fabric/run\" dfba788480f9545d8490a01ec2d4fba5be1828b1 6861bc6cad54908ba4e2171c3f51995a04cd38e305ff7caa77388ec98191fe61";
		};
		6295EC22D6DBD1CAA808EF12 /* [CP] Check Pods Manifest.lock */ = {
			isa = PBXShellScriptBuildPhase;
			buildActionMask = 2147483647;
			files = (
			);
			inputPaths = (
			);
			name = "[CP] Check Pods Manifest.lock";
			outputPaths = (
			);
			runOnlyForDeploymentPostprocessing = 0;
			shellPath = /bin/sh;
			shellScript = "diff \"${PODS_ROOT}/../Podfile.lock\" \"${PODS_ROOT}/Manifest.lock\" > /dev/null\nif [ $? != 0 ] ; then\n    # print error to STDERR\n    echo \"error: The sandbox is not in sync with the Podfile.lock. Run 'pod install' or update your CocoaPods installation.\" >&2\n    exit 1\nfi\n";
			showEnvVarsInLog = 0;
		};
		74EE9DCE41EA2076750CA8AA /* [CP] Copy Pods Resources */ = {
			isa = PBXShellScriptBuildPhase;
			buildActionMask = 2147483647;
			files = (
			);
			inputPaths = (
			);
			name = "[CP] Copy Pods Resources";
			outputPaths = (
			);
			runOnlyForDeploymentPostprocessing = 0;
			shellPath = /bin/sh;
			shellScript = "\"${SRCROOT}/Pods/Target Support Files/Pods-Cope/Pods-Cope-resources.sh\"\n";
			showEnvVarsInLog = 0;
		};
/* End PBXShellScriptBuildPhase section */

/* Begin PBXSourcesBuildPhase section */
		18F35DDD1D76ACF1004E721B /* Sources */ = {
			isa = PBXSourcesBuildPhase;
			buildActionMask = 2147483647;
			files = (
				182B4E0C1D9ADDF500EBCFEE /* LoginViewController.swift in Sources */,
				18011F9E1D8C5A33002D3B7C /* Medication.swift in Sources */,
				18A454D51D7DD970003B1190 /* SurveyOptionCell.swift in Sources */,
				180761DA1D7E721900EB197A /* SummaryChartCell.swift in Sources */,
				187B96801D9E4BE500BB6B6B /* DatabaseConstants.swift in Sources */,
				18A454D71D7DDB7F003B1190 /* SurveyHeaderReusableView.swift in Sources */,
				18A454D11D7DD189003B1190 /* SummaryCollectionViewController.swift in Sources */,
				18011FA01D8C5BBA002D3B7C /* SymptomQuestionnaire.swift in Sources */,
				18011FA21D8C5E0F002D3B7C /* Wellness.swift in Sources */,
				18F35DE51D76ACF1004E721B /* AppDelegate.swift in Sources */,
				187B96821D9ED71A00BB6B6B /* MedicationsViewController.swift in Sources */,
				182B4E0F1D9AECA900EBCFEE /* EmailSignupViewController.swift in Sources */,
				18D7D4881DA40AA900ADEFD5 /* ViewMedicationsViewController.swift in Sources */,
				18A454DF1D7DE761003B1190 /* DayCellView.swift in Sources */,
				18EC78C41D91148F004C0F0F /* SymptomsViewController.swift in Sources */,
				18A454E11D7E48D1003B1190 /* CalendarViewController.swift in Sources */,
				1860C2291D7EA73A005A636A /* AddMedicationFormViewController.swift in Sources */,
				18A454D31D7DD1E6003B1190 /* SurveyViewController.swift in Sources */,
			);
			runOnlyForDeploymentPostprocessing = 0;
		};
		18F35DF31D76ACF2004E721B /* Sources */ = {
			isa = PBXSourcesBuildPhase;
			buildActionMask = 2147483647;
			files = (
				18F35DFC1D76ACF2004E721B /* CopeTests.swift in Sources */,
			);
			runOnlyForDeploymentPostprocessing = 0;
		};
		18F35DFE1D76ACF2004E721B /* Sources */ = {
			isa = PBXSourcesBuildPhase;
			buildActionMask = 2147483647;
			files = (
				18F35E071D76ACF2004E721B /* CopeUITests.swift in Sources */,
			);
			runOnlyForDeploymentPostprocessing = 0;
		};
/* End PBXSourcesBuildPhase section */

/* Begin PBXTargetDependency section */
		18F35DF91D76ACF2004E721B /* PBXTargetDependency */ = {
			isa = PBXTargetDependency;
			target = 18F35DE01D76ACF1004E721B /* Cope */;
			targetProxy = 18F35DF81D76ACF2004E721B /* PBXContainerItemProxy */;
		};
		18F35E041D76ACF2004E721B /* PBXTargetDependency */ = {
			isa = PBXTargetDependency;
			target = 18F35DE01D76ACF1004E721B /* Cope */;
			targetProxy = 18F35E031D76ACF2004E721B /* PBXContainerItemProxy */;
		};
/* End PBXTargetDependency section */

/* Begin PBXVariantGroup section */
		182B4E081D9ADDE200EBCFEE /* LoginScreen.storyboard */ = {
			isa = PBXVariantGroup;
			children = (
				182B4E091D9ADDE200EBCFEE /* Base */,
			);
			name = LoginScreen.storyboard;
			sourceTree = "<group>";
		};
		18EC78C01D90F58F004C0F0F /* Localizable.strings */ = {
			isa = PBXVariantGroup;
			children = (
				18EC78C11D90F58F004C0F0F /* en */,
			);
			name = Localizable.strings;
			sourceTree = "<group>";
		};
		18F35DEA1D76ACF1004E721B /* Main.storyboard */ = {
			isa = PBXVariantGroup;
			children = (
				18F35DEB1D76ACF1004E721B /* Base */,
				18EC78BF1D90F559004C0F0F /* en */,
			);
			name = Main.storyboard;
			sourceTree = "<group>";
		};
		18F35DEF1D76ACF1004E721B /* LaunchScreen.storyboard */ = {
			isa = PBXVariantGroup;
			children = (
				18F35DF01D76ACF1004E721B /* Base */,
			);
			name = LaunchScreen.storyboard;
			sourceTree = "<group>";
		};
/* End PBXVariantGroup section */

/* Begin XCBuildConfiguration section */
		18F35E091D76ACF2004E721B /* Debug */ = {
			isa = XCBuildConfiguration;
			buildSettings = {
				ALWAYS_SEARCH_USER_PATHS = NO;
				CLANG_ANALYZER_NONNULL = YES;
				CLANG_CXX_LANGUAGE_STANDARD = "gnu++0x";
				CLANG_CXX_LIBRARY = "libc++";
				CLANG_ENABLE_MODULES = YES;
				CLANG_ENABLE_OBJC_ARC = YES;
				CLANG_WARN_BOOL_CONVERSION = YES;
				CLANG_WARN_CONSTANT_CONVERSION = YES;
				CLANG_WARN_DIRECT_OBJC_ISA_USAGE = YES_ERROR;
				CLANG_WARN_EMPTY_BODY = YES;
				CLANG_WARN_ENUM_CONVERSION = YES;
				CLANG_WARN_INFINITE_RECURSION = YES;
				CLANG_WARN_INT_CONVERSION = YES;
				CLANG_WARN_OBJC_ROOT_CLASS = YES_ERROR;
				CLANG_WARN_SUSPICIOUS_MOVE = YES;
				CLANG_WARN_UNREACHABLE_CODE = YES;
				CLANG_WARN__DUPLICATE_METHOD_MATCH = YES;
				"CODE_SIGN_IDENTITY[sdk=iphoneos*]" = "iPhone Developer";
				COPY_PHASE_STRIP = NO;
				DEBUG_INFORMATION_FORMAT = dwarf;
				ENABLE_STRICT_OBJC_MSGSEND = YES;
				ENABLE_TESTABILITY = YES;
				GCC_C_LANGUAGE_STANDARD = gnu99;
				GCC_DYNAMIC_NO_PIC = NO;
				GCC_NO_COMMON_BLOCKS = YES;
				GCC_OPTIMIZATION_LEVEL = 0;
				GCC_PREPROCESSOR_DEFINITIONS = (
					"DEBUG=1",
					"$(inherited)",
				);
				GCC_WARN_64_TO_32_BIT_CONVERSION = YES;
				GCC_WARN_ABOUT_RETURN_TYPE = YES_ERROR;
				GCC_WARN_UNDECLARED_SELECTOR = YES;
				GCC_WARN_UNINITIALIZED_AUTOS = YES_AGGRESSIVE;
				GCC_WARN_UNUSED_FUNCTION = YES;
				GCC_WARN_UNUSED_VARIABLE = YES;
				IPHONEOS_DEPLOYMENT_TARGET = 10.0;
				MTL_ENABLE_DEBUG_INFO = YES;
				ONLY_ACTIVE_ARCH = YES;
				SDKROOT = iphoneos;
				SWIFT_OPTIMIZATION_LEVEL = "-Onone";
			};
			name = Debug;
		};
		18F35E0A1D76ACF2004E721B /* Release */ = {
			isa = XCBuildConfiguration;
			buildSettings = {
				ALWAYS_SEARCH_USER_PATHS = NO;
				CLANG_ANALYZER_NONNULL = YES;
				CLANG_CXX_LANGUAGE_STANDARD = "gnu++0x";
				CLANG_CXX_LIBRARY = "libc++";
				CLANG_ENABLE_MODULES = YES;
				CLANG_ENABLE_OBJC_ARC = YES;
				CLANG_WARN_BOOL_CONVERSION = YES;
				CLANG_WARN_CONSTANT_CONVERSION = YES;
				CLANG_WARN_DIRECT_OBJC_ISA_USAGE = YES_ERROR;
				CLANG_WARN_EMPTY_BODY = YES;
				CLANG_WARN_ENUM_CONVERSION = YES;
				CLANG_WARN_INFINITE_RECURSION = YES;
				CLANG_WARN_INT_CONVERSION = YES;
				CLANG_WARN_OBJC_ROOT_CLASS = YES_ERROR;
				CLANG_WARN_SUSPICIOUS_MOVE = YES;
				CLANG_WARN_UNREACHABLE_CODE = YES;
				CLANG_WARN__DUPLICATE_METHOD_MATCH = YES;
				"CODE_SIGN_IDENTITY[sdk=iphoneos*]" = "iPhone Developer";
				COPY_PHASE_STRIP = NO;
				DEBUG_INFORMATION_FORMAT = "dwarf-with-dsym";
				ENABLE_NS_ASSERTIONS = NO;
				ENABLE_STRICT_OBJC_MSGSEND = YES;
				GCC_C_LANGUAGE_STANDARD = gnu99;
				GCC_NO_COMMON_BLOCKS = YES;
				GCC_WARN_64_TO_32_BIT_CONVERSION = YES;
				GCC_WARN_ABOUT_RETURN_TYPE = YES_ERROR;
				GCC_WARN_UNDECLARED_SELECTOR = YES;
				GCC_WARN_UNINITIALIZED_AUTOS = YES_AGGRESSIVE;
				GCC_WARN_UNUSED_FUNCTION = YES;
				GCC_WARN_UNUSED_VARIABLE = YES;
				IPHONEOS_DEPLOYMENT_TARGET = 10.0;
				MTL_ENABLE_DEBUG_INFO = NO;
				SDKROOT = iphoneos;
				SWIFT_OPTIMIZATION_LEVEL = "-Owholemodule";
				VALIDATE_PRODUCT = YES;
			};
			name = Release;
		};
		18F35E0C1D76ACF2004E721B /* Debug */ = {
			isa = XCBuildConfiguration;
			baseConfigurationReference = 2070AAA8FFFA04D1E6C936C3 /* Pods-Cope.debug.xcconfig */;
			buildSettings = {
				ALWAYS_EMBED_SWIFT_STANDARD_LIBRARIES = "$(inherited)";
				ASSETCATALOG_COMPILER_APPICON_NAME = AppIcon;
				DEVELOPMENT_TEAM = AKTPE3FTGW;
				INFOPLIST_FILE = Cope/Info.plist;
				IPHONEOS_DEPLOYMENT_TARGET = 10.0;
				LD_RUNPATH_SEARCH_PATHS = "$(inherited) @executable_path/Frameworks";
				OTHER_LDFLAGS = (
					"$(inherited)",
					"-ObjC",
					"-l\"c++\"",
					"-l\"icucore\"",
					"-l\"sqlite3\"",
					"-l\"z\"",
					"-framework",
					"\"AVFoundation\"",
					"-framework",
					"\"Accounts\"",
					"-framework",
					"\"AddressBook\"",
					"-framework",
					"\"Bolts\"",
					"-framework",
					"\"CFNetwork\"",
					"-framework",
					"\"ChameleonFramework\"",
					"-framework",
					"\"Charts\"",
					"-framework",
					"\"CoreData\"",
					"-framework",
					"\"CoreGraphics\"",
					"-framework",
					"\"CoreMedia\"",
					"-framework",
					"\"CoreText\"",
					"-framework",
					"\"Eureka\"",
					"-framework",
					"\"FBSDKCoreKit\"",
					"-framework",
					"\"Fabric\"",
					"-framework",
					"\"FirebaseAnalytics\"",
					"-framework",
					"\"FirebaseAuth\"",
					"-framework",
					"\"FirebaseAuthUI\"",
					"-framework",
					"\"FirebaseCore\"",
					"-framework",
					"\"FirebaseDatabase\"",
					"-framework",
					"\"FirebaseDatabaseUI\"",
					"-framework",
					"\"FirebaseFacebookAuthUI\"",
					"-framework",
					"\"FirebaseGoogleAuthUI\"",
					"-framework",
					"\"FirebaseInstanceID\"",
					"-framework",
					"\"Foundation\"",
					"-framework",
					"\"GoogleAppUtilities\"",
					"-framework",
					"\"GoogleAuthUtilities\"",
					"-framework",
					"\"GoogleInterchangeUtilities\"",
					"-framework",
					"\"GoogleNetworkingUtilities\"",
					"-framework",
					"\"GoogleSignIn\"",
					"-framework",
					"\"GoogleSymbolUtilities\"",
					"-framework",
					"\"GoogleUtilities\"",
					"-framework",
					"\"JTAppleCalendar\"",
					"-framework",
					"\"KCFloatingActionButton\"",
					"-framework",
					"\"QuartzCore\"",
					"-framework",
					"\"SafariServices\"",
					"-framework",
					"\"Security\"",
					"-framework",
					"\"Social\"",
					"-framework",
					"\"StoreKit\"",
					"-framework",
					"\"SystemConfiguration\"",
					"-framework",
					"\"TagListView\"",
					"-framework",
					"\"TwitterCore\"",
					"-framework",
					"\"TwitterKit\"",
					"-framework",
					"\"UIKit\"",
				);
				PRODUCT_BUNDLE_IDENTIFIER = com.carlosarcenas.Cope;
				PRODUCT_NAME = "$(TARGET_NAME)";
				SWIFT_VERSION = 3.0;
			};
			name = Debug;
		};
		18F35E0D1D76ACF2004E721B /* Release */ = {
			isa = XCBuildConfiguration;
			baseConfigurationReference = 34660174B92557A0552A7097 /* Pods-Cope.release.xcconfig */;
			buildSettings = {
				ALWAYS_EMBED_SWIFT_STANDARD_LIBRARIES = "$(inherited)";
				ASSETCATALOG_COMPILER_APPICON_NAME = AppIcon;
				DEVELOPMENT_TEAM = AKTPE3FTGW;
				INFOPLIST_FILE = Cope/Info.plist;
				IPHONEOS_DEPLOYMENT_TARGET = 10.0;
				LD_RUNPATH_SEARCH_PATHS = "$(inherited) @executable_path/Frameworks";
				OTHER_LDFLAGS = (
					"$(inherited)",
					"-ObjC",
					"-l\"c++\"",
					"-l\"icucore\"",
					"-l\"sqlite3\"",
					"-l\"z\"",
					"-framework",
					"\"AVFoundation\"",
					"-framework",
					"\"Accounts\"",
					"-framework",
					"\"AddressBook\"",
					"-framework",
					"\"Bolts\"",
					"-framework",
					"\"CFNetwork\"",
					"-framework",
					"\"ChameleonFramework\"",
					"-framework",
					"\"Charts\"",
					"-framework",
					"\"CoreData\"",
					"-framework",
					"\"CoreGraphics\"",
					"-framework",
					"\"CoreMedia\"",
					"-framework",
					"\"CoreText\"",
					"-framework",
					"\"Eureka\"",
					"-framework",
					"\"FBSDKCoreKit\"",
					"-framework",
					"\"Fabric\"",
					"-framework",
					"\"FirebaseAnalytics\"",
					"-framework",
					"\"FirebaseAuth\"",
					"-framework",
					"\"FirebaseAuthUI\"",
					"-framework",
					"\"FirebaseCore\"",
					"-framework",
					"\"FirebaseDatabase\"",
					"-framework",
					"\"FirebaseDatabaseUI\"",
					"-framework",
					"\"FirebaseFacebookAuthUI\"",
					"-framework",
					"\"FirebaseGoogleAuthUI\"",
					"-framework",
					"\"FirebaseInstanceID\"",
					"-framework",
					"\"Foundation\"",
					"-framework",
					"\"GoogleAppUtilities\"",
					"-framework",
					"\"GoogleAuthUtilities\"",
					"-framework",
					"\"GoogleInterchangeUtilities\"",
					"-framework",
					"\"GoogleNetworkingUtilities\"",
					"-framework",
					"\"GoogleSignIn\"",
					"-framework",
					"\"GoogleSymbolUtilities\"",
					"-framework",
					"\"GoogleUtilities\"",
					"-framework",
					"\"JTAppleCalendar\"",
					"-framework",
					"\"KCFloatingActionButton\"",
					"-framework",
					"\"QuartzCore\"",
					"-framework",
					"\"SafariServices\"",
					"-framework",
					"\"Security\"",
					"-framework",
					"\"Social\"",
					"-framework",
					"\"StoreKit\"",
					"-framework",
					"\"SystemConfiguration\"",
					"-framework",
					"\"TagListView\"",
					"-framework",
					"\"TwitterCore\"",
					"-framework",
					"\"TwitterKit\"",
					"-framework",
					"\"UIKit\"",
				);
				PRODUCT_BUNDLE_IDENTIFIER = com.carlosarcenas.Cope;
				PRODUCT_NAME = "$(TARGET_NAME)";
				SWIFT_VERSION = 3.0;
			};
			name = Release;
		};
		18F35E0F1D76ACF2004E721B /* Debug */ = {
			isa = XCBuildConfiguration;
			buildSettings = {
				BUNDLE_LOADER = "$(TEST_HOST)";
				INFOPLIST_FILE = CopeTests/Info.plist;
				LD_RUNPATH_SEARCH_PATHS = "$(inherited) @executable_path/Frameworks @loader_path/Frameworks";
				PRODUCT_BUNDLE_IDENTIFIER = com.carlosarcenas.CopeTests;
				PRODUCT_NAME = "$(TARGET_NAME)";
				SWIFT_VERSION = 3.0;
				TEST_HOST = "$(BUILT_PRODUCTS_DIR)/Cope.app/Cope";
			};
			name = Debug;
		};
		18F35E101D76ACF2004E721B /* Release */ = {
			isa = XCBuildConfiguration;
			buildSettings = {
				BUNDLE_LOADER = "$(TEST_HOST)";
				INFOPLIST_FILE = CopeTests/Info.plist;
				LD_RUNPATH_SEARCH_PATHS = "$(inherited) @executable_path/Frameworks @loader_path/Frameworks";
				PRODUCT_BUNDLE_IDENTIFIER = com.carlosarcenas.CopeTests;
				PRODUCT_NAME = "$(TARGET_NAME)";
				SWIFT_VERSION = 3.0;
				TEST_HOST = "$(BUILT_PRODUCTS_DIR)/Cope.app/Cope";
			};
			name = Release;
		};
		18F35E121D76ACF2004E721B /* Debug */ = {
			isa = XCBuildConfiguration;
			buildSettings = {
				INFOPLIST_FILE = CopeUITests/Info.plist;
				LD_RUNPATH_SEARCH_PATHS = "$(inherited) @executable_path/Frameworks @loader_path/Frameworks";
				PRODUCT_BUNDLE_IDENTIFIER = com.carlosarcenas.CopeUITests;
				PRODUCT_NAME = "$(TARGET_NAME)";
				SWIFT_VERSION = 3.0;
				TEST_TARGET_NAME = Cope;
			};
			name = Debug;
		};
		18F35E131D76ACF2004E721B /* Release */ = {
			isa = XCBuildConfiguration;
			buildSettings = {
				INFOPLIST_FILE = CopeUITests/Info.plist;
				LD_RUNPATH_SEARCH_PATHS = "$(inherited) @executable_path/Frameworks @loader_path/Frameworks";
				PRODUCT_BUNDLE_IDENTIFIER = com.carlosarcenas.CopeUITests;
				PRODUCT_NAME = "$(TARGET_NAME)";
				SWIFT_VERSION = 3.0;
				TEST_TARGET_NAME = Cope;
			};
			name = Release;
		};
/* End XCBuildConfiguration section */

/* Begin XCConfigurationList section */
		18F35DDC1D76ACF1004E721B /* Build configuration list for PBXProject "Cope" */ = {
			isa = XCConfigurationList;
			buildConfigurations = (
				18F35E091D76ACF2004E721B /* Debug */,
				18F35E0A1D76ACF2004E721B /* Release */,
			);
			defaultConfigurationIsVisible = 0;
			defaultConfigurationName = Release;
		};
		18F35E0B1D76ACF2004E721B /* Build configuration list for PBXNativeTarget "Cope" */ = {
			isa = XCConfigurationList;
			buildConfigurations = (
				18F35E0C1D76ACF2004E721B /* Debug */,
				18F35E0D1D76ACF2004E721B /* Release */,
			);
			defaultConfigurationIsVisible = 0;
			defaultConfigurationName = Release;
		};
		18F35E0E1D76ACF2004E721B /* Build configuration list for PBXNativeTarget "CopeTests" */ = {
			isa = XCConfigurationList;
			buildConfigurations = (
				18F35E0F1D76ACF2004E721B /* Debug */,
				18F35E101D76ACF2004E721B /* Release */,
			);
			defaultConfigurationIsVisible = 0;
			defaultConfigurationName = Release;
		};
		18F35E111D76ACF2004E721B /* Build configuration list for PBXNativeTarget "CopeUITests" */ = {
			isa = XCConfigurationList;
			buildConfigurations = (
				18F35E121D76ACF2004E721B /* Debug */,
				18F35E131D76ACF2004E721B /* Release */,
			);
			defaultConfigurationIsVisible = 0;
			defaultConfigurationName = Release;
		};
/* End XCConfigurationList section */
	};
	rootObject = 18F35DD91D76ACF1004E721B /* Project object */;
}
